# This file is automatically @generated by Cargo.
# It is not intended for manual editing.
version = 3

[[package]]
name = "central"
version = "0.1.0"
dependencies = [
 "common",
]

[[package]]
name = "common"
version = "0.1.0"
dependencies = [
 "json",
]

[[package]]
name = "entity"
version = "0.1.0"
dependencies = [
 "common",
 "text_io",
]

[[package]]
name = "json"
version = "0.12.4"
source = "registry+https://github.com/rust-lang/crates.io-index"
checksum = "078e285eafdfb6c4b434e0d31e8cfcb5115b651496faca5749b88fafd4f23bfd"

[[package]]
name = "text_io"
version = "0.1.9"
source = "registry+https://github.com/rust-lang/crates.io-index"
checksum = "ee74b5019b48991b09803402aaf9e65a053b3993fe9d9c475ab67a395358ba76"
